{
  "name": "tools",
  "version": "1.0.0",
  "lockfileVersion": 3,
  "requires": true,
  "packages": {
    "": {
      "name": "tools",
      "version": "1.0.0",
      "license": "ISC",
      "dependencies": {
        "@anthropic-ai/claude-code": "^2.1.203",
        "@openai/codex": "^0.143.0-alpha.38"
      }
    },
    "node_modules/@anthropic-ai/claude-code": {
      "version": "2.1.203",
      "resolved": "https://registry.npmjs.org/@anthropic-ai/claude-code/-/claude-code-2.1.203.tgz",
      "integrity": "sha512-X5sAxPpCLLuxo8So9NtI47GzEZtJ7HHtdjZoW3vr59pukSx8s1q39iSNhxw+oumjdQIU8gfIzCsl7CTbPpw3dw==",
      "hasInstallScript": true,
      "license": "SEE LICENSE IN README.md",
      "bin": {
        "claude": "bin/claude.exe"
      },
      "engines": {
        "node": ">=22.0.0"
      },
      "optionalDependencies": {
        "@anthropic-ai/claude-code-darwin-arm64": "2.1.203",
        "@anthropic-ai/claude-code-darwin-x64": "2.1.203",
        "@anthropic-ai/claude-code-linux-arm64": "2.1.203",
        "@anthropic-ai/claude-code-linux-arm64-musl": "2.1.203",
        "@anthropic-ai/claude-code-linux-x64": "2.1.203",
        "@anthropic-ai/claude-code-linux-x64-musl": "2.1.203",
        "@anthropic-ai/claude-code-win32-arm64": "2.1.203",
        "@anthropic-ai/claude-code-win32-x64": "2.1.203"
      }
    },
    "node_modules/@anthropic-ai/claude-code-darwin-arm64": {
      "version": "2.1.203",
      "resolved": "https://registry.npmjs.org/@anthropic-ai/claude-code-darwin-arm64/-/claude-code-darwin-arm64-2.1.203.tgz",
      "integrity": "sha512-o4eF1B0u1qJw4TGF6OPO0nrE4+TPuT+hC8aelp7/Fi+d+s3C4DDcoOMafSXBtfxuqoLiqV+xL6q7HmFblvHOCw==",
      "cpu": [
        "arm64"
      ],
      "license": "SEE LICENSE IN LICENSE.md",
      "optional": true,
      "os": [
        "darwin"
      ]
    },
    "node_modules/@anthropic-ai/claude-code-darwin-x64": {
      "version": "2.1.203",
      "resolved": "https://registry.npmjs.org/@anthropic-ai/claude-code-darwin-x64/-/claude-code-darwin-x64-2.1.203.tgz",
      "integrity": "sha512-8DGgSh2GkNEnDVectwwQVgG9xthUfGCEzf3gTCJMS9xrVoFoDInXPL7drh1lvCZoy1uO47zitiszyLQzhP6wLA==",
      "cpu": [
        "x64"
      ],
      "license": "SEE LICENSE IN LICENSE.md",
      "optional": true,
      "os": [
        "darwin"
      ]
    },
    "node_modules/@anthropic-ai/claude-code-linux-arm64": {
      "version": "2.1.203",
      "resolved": "https://registry.npmjs.org/@anthropic-ai/claude-code-linux-arm64/-/claude-code-linux-arm64-2.1.203.tgz",
      "integrity": "sha512-xJKtMGZRG+pe2rWV3Ozg9vi9pyWnbcMoLUlxxou/4mthp7w0g6r51SyKDbJMKh/cuzIYT69A/Tb6hIqqPqYZWQ==",
      "cpu": [
        "arm64"
      ],
      "license": "SEE LICENSE IN LICENSE.md",
      "optional": true,
      "os": [
        "linux"
      ]
    },
    "node_modules/@anthropic-ai/claude-code-linux-arm64-musl": {
      "version": "2.1.203",
      "resolved": "https://registry.npmjs.org/@anthropic-ai/claude-code-linux-arm64-musl/-/claude-code-linux-arm64-musl-2.1.203.tgz",
      "integrity": "sha512-gFoIn4i4TRX6DjcYvyCzIa45vdMVs3KXJEcz1rZ18zDNcB2aY3qJYybnqwXZVgtprvvIm7J9UJVecqabwriaZQ==",
      "cpu": [
        "arm64"
      ],
      "license": "SEE LICENSE IN LICENSE.md",
      "optional": true,
      "os": [
        "linux"
      ]
    },
    "node_modules/@anthropic-ai/claude-code-linux-x64": {
      "version": "2.1.203",
      "resolved": "https://registry.npmjs.org/@anthropic-ai/claude-code-linux-x64/-/claude-code-linux-x64-2.1.203.tgz",
      "integrity": "sha512-xiDCkvoT4Ti6dRgeIgyIU21zQDbAF0zLGFFsrrQmlKXjNdv+ol1hY7DYYyG3//uXJmx/emJeT6iQ6EVmMIL6Mw==",
      "cpu": [
        "x64"
      ],
      "license": "SEE LICENSE IN LICENSE.md",
      "optional": true,
      "os": [
        "linux"
      ]
    },
    "node_modules/@anthropic-ai/claude-code-linux-x64-musl": {
      "version": "2.1.203",
      "resolved": "https://registry.npmjs.org/@anthropic-ai/claude-code-linux-x64-musl/-/claude-code-linux-x64-musl-2.1.203.tgz",
      "integrity": "sha512-jC1N1GllORjOOGmRlLC3HAb6UDXbioyRy0dHinlRHikINJB3fyScPu3xEaGCAI7UsiRy0WpN3hRWkDhd2xC2Ow==",
      "cpu": [
        "x64"
      ],
      "license": "SEE LICENSE IN LICENSE.md",
      "optional": true,
      "os": [
        "linux"
      ]
    },
    "node_modules/@anthropic-ai/claude-code-win32-arm64": {
      "version": "2.1.203",
      "resolved": "https://registry.npmjs.org/@anthropic-ai/claude-code-win32-arm64/-/claude-code-win32-arm64-2.1.203.tgz",
      "integrity": "sha512-OuCR78Kh+tZTIY+SwL+yH9eXh+BKKFluM3vi7eafpZWb4MoRhqVDb2Y/ZbuufWuH+Ht+W+3o1atVk9LBig2tFQ==",
      "cpu": [
        "arm64"
      ],
      "license": "SEE LICENSE IN LICENSE.md",
      "optional": true,
      "os": [
        "win32"
      ]
    },
    "node_modules/@anthropic-ai/claude-code-win32-x64": {
      "version": "2.1.203",
      "resolved": "https://registry.npmjs.org/@anthropic-ai/claude-code-win32-x64/-/claude-code-win32-x64-2.1.203.tgz",
      "integrity": "sha512-avJDp23I0BfY/dVeBFKBbuX3xHUcaWg5VCXaIL4IIm2WKqfFDXeCdDGTfV6dxPqM9f0sQ+kd1JDkbOzwnRLTQw==",
      "cpu": [
        "x64"
      ],
      "license": "SEE LICENSE IN LICENSE.md",
      "optional": true,
      "os": [
        "win32"
      ]
    },
    "node_modules/@openai/codex": {
      "version": "0.143.0-alpha.38",
      "resolved": "https://registry.npmjs.org/@openai/codex/-/codex-0.143.0-alpha.38.tgz",
      "integrity": "sha512-j35u71SqisMYgZv7XH685n/gitOPCd54+Ty7YUXGvled34czXSdc8M7AaavBVxQb29yAgjOSLqE8D7jyT5vglA==",
      "license": "Apache-2.0",
      "bin": {
        "codex": "bin/codex.js"
      },
      "engines": {
        "node": ">=16"
      },
      "optionalDependencies": {
        "@openai/codex-darwin-arm64": "npm:@openai/codex@0.143.0-alpha.38-darwin-arm64",
        "@openai/codex-darwin-x64": "npm:@openai/codex@0.143.0-alpha.38-darwin-x64",
        "@openai/codex-linux-arm64": "npm:@openai/codex@0.143.0-alpha.38-linux-arm64",
        "@openai/codex-linux-x64": "npm:@openai/codex@0.143.0-alpha.38-linux-x64",
        "@openai/codex-win32-arm64": "npm:@openai/codex@0.143.0-alpha.38-win32-arm64",
        "@openai/codex-win32-x64": "npm:@openai/codex@0.143.0-alpha.38-win32-x64"
      }
    },
    "node_modules/@openai/codex-darwin-arm64": {
      "name": "@openai/codex",
      "version": "0.143.0-alpha.38-darwin-arm64",
      "resolved": "https://registry.npmjs.org/@openai/codex/-/codex-0.143.0-alpha.38-darwin-arm64.tgz",
      "integrity": "sha512-Nyqi148H2ZhX9vDK+c/mNNYTNiV/2HTMmJYevOklWNqZQgRzo9//F5Vph4gCtk5mYtGdK4xO9rh+5zVU9br0Mg==",
      "cpu": [
        "arm64"
      ],
      "license": "Apache-2.0",
      "optional": true,
      "os": [
        "darwin"
      ],
      "engines": {
        "node": ">=16"
      }
    },
    "node_modules/@openai/codex-darwin-x64": {
      "name": "@openai/codex",
      "version": "0.143.0-alpha.38-darwin-x64",
      "resolved": "https://registry.npmjs.org/@openai/codex/-/codex-0.143.0-alpha.38-darwin-x64.tgz",
      "integrity": "sha512-ArKuye+/w8/5K45KKvQebczGyPeGFeQM+wXCUceeIAGSBGn7nLJJzekH6lVLshG0AkmdtEUkVOApt08pmtpLBw==",
      "cpu": [
        "x64"
      ],
      "license": "Apache-2.0",
      "optional": true,
      "os": [
        "darwin"
      ],
      "engines": {
        "node": ">=16"
      }
    },
    "node_modules/@openai/codex-linux-arm64": {
      "name": "@openai/codex",
      "version": "0.143.0-alpha.38-linux-arm64",
      "resolved": "https://registry.npmjs.org/@openai/codex/-/codex-0.143.0-alpha.38-linux-arm64.tgz",
      "integrity": "sha512-YEy9hNI+bPdMInQW4WDpuvNKZZVju/AqBoeGv88x8PSfRlH+eyEoX+n2ZOmX6PwlEYJI58WnLek4CNSqATOxag==",
      "cpu": [
        "arm64"
      ],
      "license": "Apache-2.0",
      "optional": true,
      "os": [
        "linux"
      ],
      "engines": {
        "node": ">=16"
      }
    },
    "node_modules/@openai/codex-linux-x64": {
      "name": "@openai/codex",
      "version": "0.143.0-alpha.38-linux-x64",
      "resolved": "https://registry.npmjs.org/@openai/codex/-/codex-0.143.0-alpha.38-linux-x64.tgz",
      "integrity": "sha512-YbTWt6nytF55I2odd3LyM/FN9XqN03IkCkJ8WrVABdCrOvzpslvuFFl+dRkSRTIQQ7KmROriiT5XJUV9AxlIYA==",
      "cpu": [
        "x64"
      ],
      "license": "Apache-2.0",
      "optional": true,
      "os": [
        "linux"
      ],
      "engines": {
        "node": ">=16"
      }
    },
    "node_modules/@openai/codex-win32-arm64": {
      "name": "@openai/codex",
      "version": "0.143.0-alpha.38-win32-arm64",
      "resolved": "https://registry.npmjs.org/@openai/codex/-/codex-0.143.0-alpha.38-win32-arm64.tgz",
      "integrity": "sha512-YzNUa6QIrK9o3frjochk6FkXQHaz9cjIW7uwbogSxYdILbAAxUEF+QYGoDyD9DMWH6oNYiHQRsNY5A01L2CYyg==",
      "cpu": [
        "arm64"
      ],
      "license": "Apache-2.0",
      "optional": true,
      "os": [
        "win32"
      ],
      "engines": {
        "node": ">=16"
      }
    },
    "node_modules/@openai/codex-win32-x64": {
      "name": "@openai/codex",
      "version": "0.143.0-alpha.38-win32-x64",
      "resolved": "https://registry.npmjs.org/@openai/codex/-/codex-0.143.0-alpha.38-win32-x64.tgz",
      "integrity": "sha512-c+0ZI6U9xGTrd4Sav5X3W2PMcZC3V6TzpJYqazDEs70SnwcUt7cCinB7Iyd6CiRG/zwGoex0dgXDY9DY0lLOpw==",
      "cpu": [
        "x64"
      ],
      "license": "Apache-2.0",
      "optional": true,
      "os": [
        "win32"
      ],
      "engines": {
        "node": ">=16"
      }
    }
  }
}
