{
  "name": "tools",
  "version": "1.0.0",
  "lockfileVersion": 3,
  "requires": true,
  "packages": {
    "": {
      "name": "tools",
      "version": "1.0.0",
      "license": "ISC",
      "dependencies": {
        "@anthropic-ai/claude-code": "^2.1.197",
        "@openai/codex": "^0.142.4"
      }
    },
    "node_modules/@anthropic-ai/claude-code": {
      "version": "2.1.197",
      "resolved": "https://registry.npmjs.org/@anthropic-ai/claude-code/-/claude-code-2.1.197.tgz",
      "integrity": "sha512-EqrwbRcI7M5y8jQlayIfTMmbZJ2OQaLOc7KwIWKdryQCdKWUEFr+C9rMovZUuj2Asndi7aqLujEzRtr471gncg==",
      "hasInstallScript": true,
      "license": "SEE LICENSE IN README.md",
      "bin": {
        "claude": "bin/claude.exe"
      },
      "engines": {
        "node": ">=18.0.0"
      },
      "optionalDependencies": {
        "@anthropic-ai/claude-code-darwin-arm64": "2.1.197",
        "@anthropic-ai/claude-code-darwin-x64": "2.1.197",
        "@anthropic-ai/claude-code-linux-arm64": "2.1.197",
        "@anthropic-ai/claude-code-linux-arm64-musl": "2.1.197",
        "@anthropic-ai/claude-code-linux-x64": "2.1.197",
        "@anthropic-ai/claude-code-linux-x64-musl": "2.1.197",
        "@anthropic-ai/claude-code-win32-arm64": "2.1.197",
        "@anthropic-ai/claude-code-win32-x64": "2.1.197"
      }
    },
    "node_modules/@anthropic-ai/claude-code-darwin-arm64": {
      "version": "2.1.197",
      "resolved": "https://registry.npmjs.org/@anthropic-ai/claude-code-darwin-arm64/-/claude-code-darwin-arm64-2.1.197.tgz",
      "integrity": "sha512-1FOVhJzkKGWgOEEsvaK3ylCEmjKeJiXwfKl7RtNEbiDj7OxhRQ1G1CLN0HGDTTq1QwY+Dm2x1Yscdv5NfobAxQ==",
      "cpu": [
        "arm64"
      ],
      "license": "SEE LICENSE IN LICENSE.md",
      "optional": true,
      "os": [
        "darwin"
      ]
    },
    "node_modules/@anthropic-ai/claude-code-darwin-x64": {
      "version": "2.1.197",
      "resolved": "https://registry.npmjs.org/@anthropic-ai/claude-code-darwin-x64/-/claude-code-darwin-x64-2.1.197.tgz",
      "integrity": "sha512-DOPeGTQqJWVENJsxwMxJtLOx+7OBINEDg9trQldlJR1nBssaYzNj1WWxp37JYSBRjeYLhqLipvDqEA0LMglL7A==",
      "cpu": [
        "x64"
      ],
      "license": "SEE LICENSE IN LICENSE.md",
      "optional": true,
      "os": [
        "darwin"
      ]
    },
    "node_modules/@anthropic-ai/claude-code-linux-arm64": {
      "version": "2.1.197",
      "resolved": "https://registry.npmjs.org/@anthropic-ai/claude-code-linux-arm64/-/claude-code-linux-arm64-2.1.197.tgz",
      "integrity": "sha512-sx6SoGj3MNR5CV+YDkNtbLHXa1tn3G8qcYFgm1gnvOi9ODQUKbhiPfankJfkTMDVekOvnKJhm6i9hGFIPzp7cQ==",
      "cpu": [
        "arm64"
      ],
      "license": "SEE LICENSE IN LICENSE.md",
      "optional": true,
      "os": [
        "linux"
      ]
    },
    "node_modules/@anthropic-ai/claude-code-linux-arm64-musl": {
      "version": "2.1.197",
      "resolved": "https://registry.npmjs.org/@anthropic-ai/claude-code-linux-arm64-musl/-/claude-code-linux-arm64-musl-2.1.197.tgz",
      "integrity": "sha512-r3taVK9rDaMahHkrCGV8wF1Sjphs7fqXy2ZEznyDGxUqeW6HxgkbG7dPplXnwwGiMTdYLrtQTQMN21ZTxcVHBA==",
      "cpu": [
        "arm64"
      ],
      "license": "SEE LICENSE IN LICENSE.md",
      "optional": true,
      "os": [
        "linux"
      ]
    },
    "node_modules/@anthropic-ai/claude-code-linux-x64": {
      "version": "2.1.197",
      "resolved": "https://registry.npmjs.org/@anthropic-ai/claude-code-linux-x64/-/claude-code-linux-x64-2.1.197.tgz",
      "integrity": "sha512-rIlKmrY0QMyHgPRX/MYWNj039vbypICvI9jVe3rs9Xy2RnNklySjyPxqh62QadznzoftEO23uYQ1tFePcQ//bg==",
      "cpu": [
        "x64"
      ],
      "license": "SEE LICENSE IN LICENSE.md",
      "optional": true,
      "os": [
        "linux"
      ]
    },
    "node_modules/@anthropic-ai/claude-code-linux-x64-musl": {
      "version": "2.1.197",
      "resolved": "https://registry.npmjs.org/@anthropic-ai/claude-code-linux-x64-musl/-/claude-code-linux-x64-musl-2.1.197.tgz",
      "integrity": "sha512-/Ij3+inZf96Lb1BLnO0rWArRi1HqIMh6HeGrQoykrp7a8Yj0SA1EQIO42kpNeVxM9z3o3xUaiIf0FRMzLIp6oQ==",
      "cpu": [
        "x64"
      ],
      "license": "SEE LICENSE IN LICENSE.md",
      "optional": true,
      "os": [
        "linux"
      ]
    },
    "node_modules/@anthropic-ai/claude-code-win32-arm64": {
      "version": "2.1.197",
      "resolved": "https://registry.npmjs.org/@anthropic-ai/claude-code-win32-arm64/-/claude-code-win32-arm64-2.1.197.tgz",
      "integrity": "sha512-P/1y1JcBSKNRt9asd0bhGRwLdD7yLnq9BlXdA0KHC+0zTm/WPqsCHupt8C7f7adb14//dVlkkbRT+9F5Iup/qA==",
      "cpu": [
        "arm64"
      ],
      "license": "SEE LICENSE IN LICENSE.md",
      "optional": true,
      "os": [
        "win32"
      ]
    },
    "node_modules/@anthropic-ai/claude-code-win32-x64": {
      "version": "2.1.197",
      "resolved": "https://registry.npmjs.org/@anthropic-ai/claude-code-win32-x64/-/claude-code-win32-x64-2.1.197.tgz",
      "integrity": "sha512-bH/146HdS+MO2ndTvljKUJQbcKuvOWujH02WiLkhQJmo/YJLTCMnn1P/jxjjv6W9y/+LGxN58SfdHa6zobatTw==",
      "cpu": [
        "x64"
      ],
      "license": "SEE LICENSE IN LICENSE.md",
      "optional": true,
      "os": [
        "win32"
      ]
    },
    "node_modules/@openai/codex": {
      "version": "0.142.4",
      "resolved": "https://registry.npmjs.org/@openai/codex/-/codex-0.142.4.tgz",
      "integrity": "sha512-BW9+3Cs7tChgkc0QhUsZIDm6XgpSDSeJkljRSHhJZqDwlaxDnNVhRP/sZwhgrTn3f2jPn3jc4WTKfLOTk+g5pA==",
      "license": "Apache-2.0",
      "bin": {
        "codex": "bin/codex.js"
      },
      "engines": {
        "node": ">=16"
      },
      "optionalDependencies": {
        "@openai/codex-darwin-arm64": "npm:@openai/codex@0.142.4-darwin-arm64",
        "@openai/codex-darwin-x64": "npm:@openai/codex@0.142.4-darwin-x64",
        "@openai/codex-linux-arm64": "npm:@openai/codex@0.142.4-linux-arm64",
        "@openai/codex-linux-x64": "npm:@openai/codex@0.142.4-linux-x64",
        "@openai/codex-win32-arm64": "npm:@openai/codex@0.142.4-win32-arm64",
        "@openai/codex-win32-x64": "npm:@openai/codex@0.142.4-win32-x64"
      }
    },
    "node_modules/@openai/codex-darwin-arm64": {
      "name": "@openai/codex",
      "version": "0.142.4-darwin-arm64",
      "resolved": "https://registry.npmjs.org/@openai/codex/-/codex-0.142.4-darwin-arm64.tgz",
      "integrity": "sha512-CfXp5jilBOxD8zLuG6Nk7w5ZPP3roE3s1rsr60za9PQKI7kaJ/5G+oP3Z0N1CoB4mpy+5JHkMLTZAZZPGFlSgQ==",
      "cpu": [
        "arm64"
      ],
      "license": "Apache-2.0",
      "optional": true,
      "os": [
        "darwin"
      ],
      "engines": {
        "node": ">=16"
      }
    },
    "node_modules/@openai/codex-darwin-x64": {
      "name": "@openai/codex",
      "version": "0.142.4-darwin-x64",
      "resolved": "https://registry.npmjs.org/@openai/codex/-/codex-0.142.4-darwin-x64.tgz",
      "integrity": "sha512-H9ia31pkJFtBk+UrREAfJiTUfcvgactKbG4W4SF2LFfJOTRsrsJZGtscHQ8/lLGeKEfOk/psrbSOPDyrZnxvnQ==",
      "cpu": [
        "x64"
      ],
      "license": "Apache-2.0",
      "optional": true,
      "os": [
        "darwin"
      ],
      "engines": {
        "node": ">=16"
      }
    },
    "node_modules/@openai/codex-linux-arm64": {
      "name": "@openai/codex",
      "version": "0.142.4-linux-arm64",
      "resolved": "https://registry.npmjs.org/@openai/codex/-/codex-0.142.4-linux-arm64.tgz",
      "integrity": "sha512-/bBcEm+OKmlGHH0c88jrVgYMRyaNC/hGOW/znP/PiHQEeIf4UdsUGQ7x4FAZm648140cgaeKYIBoRBbHizS+5w==",
      "cpu": [
        "arm64"
      ],
      "license": "Apache-2.0",
      "optional": true,
      "os": [
        "linux"
      ],
      "engines": {
        "node": ">=16"
      }
    },
    "node_modules/@openai/codex-linux-x64": {
      "name": "@openai/codex",
      "version": "0.142.4-linux-x64",
      "resolved": "https://registry.npmjs.org/@openai/codex/-/codex-0.142.4-linux-x64.tgz",
      "integrity": "sha512-t3tNOkDdiO5/gRqkTmuMcAj5JjCbeWotOJzxV7pPkD2u2KvzVRrk7jPAjuy+85wPc12lsIupYgxHlK7CkVLOjA==",
      "cpu": [
        "x64"
      ],
      "license": "Apache-2.0",
      "optional": true,
      "os": [
        "linux"
      ],
      "engines": {
        "node": ">=16"
      }
    },
    "node_modules/@openai/codex-win32-arm64": {
      "name": "@openai/codex",
      "version": "0.142.4-win32-arm64",
      "resolved": "https://registry.npmjs.org/@openai/codex/-/codex-0.142.4-win32-arm64.tgz",
      "integrity": "sha512-QBGeoYk3pmVscVIxeW21cvPJIjsnmD5dOTqMAzypXGik5soNIKHbps2Kj1LBKOjVbbx5qoDEbTwDfYmnjfqgdQ==",
      "cpu": [
        "arm64"
      ],
      "license": "Apache-2.0",
      "optional": true,
      "os": [
        "win32"
      ],
      "engines": {
        "node": ">=16"
      }
    },
    "node_modules/@openai/codex-win32-x64": {
      "name": "@openai/codex",
      "version": "0.142.4-win32-x64",
      "resolved": "https://registry.npmjs.org/@openai/codex/-/codex-0.142.4-win32-x64.tgz",
      "integrity": "sha512-W0rSPT0t7FnKlJYNu9/HpHzaSOutuSSYjIVunKorYmrScXk9pQxBEhEuyn16JOtywc/2nX8nHEmWsuj2sd8suw==",
      "cpu": [
        "x64"
      ],
      "license": "Apache-2.0",
      "optional": true,
      "os": [
        "win32"
      ],
      "engines": {
        "node": ">=16"
      }
    }
  }
}
